
Microsoft Visual Studio Solution File, Format Version 12.00
# Visual Studio 15
VisualStudioVersion = 15.0.28010.2026
MinimumVisualStudioVersion = 10.0.40219.1
Project("{8BC9CEB8-8B4A-11D0-8D11-00A0C91BC942}") = "tableocr", "tableocr\tableocr.vcxproj", "{2976EAC4-878D-4104-9747-69A209EAC9C9}"
EndProject
Project("{FAE04EC0-301F-11D3-BF4B-00C04F79EFBC}") = "ocrtable", "ocrtable\ocrtable.csproj", "{9FE9B179-C2A7-458B-8AA6-45839B7A5B19}"
EndProject
Global
	GlobalSection(SolutionConfigurationPlatforms) = preSolution
		Debug EXE|Any CPU = Debug EXE|Any CPU
		Debug EXE|x64 = Debug EXE|x64
		Debug EXE|x86 = Debug EXE|x86
		Debug|Any CPU = Debug|Any CPU
		Debug|x64 = Debug|x64
		Debug|x86 = Debug|x86
		Release|Any CPU = Release|Any CPU
		Release|x64 = Release|x64
		Release|x86 = Release|x86
	EndGlobalSection
	GlobalSection(ProjectConfigurationPlatforms) = postSolution
		{2976EAC4-878D-4104-9747-69A209EAC9C9}.Debug EXE|Any CPU.ActiveCfg = Debug EXE|Win32
		{2976EAC4-878D-4104-9747-69A209EAC9C9}.Debug EXE|x64.ActiveCfg = Debug EXE|x64
		{2976EAC4-878D-4104-9747-69A209EAC9C9}.Debug EXE|x64.Build.0 = Debug EXE|x64
		{2976EAC4-878D-4104-9747-69A209EAC9C9}.Debug EXE|x86.ActiveCfg = Debug EXE|Win32
		{2976EAC4-878D-4104-9747-69A209EAC9C9}.Debug EXE|x86.Build.0 = Debug EXE|Win32
		{2976EAC4-878D-4104-9747-69A209EAC9C9}.Debug|Any CPU.ActiveCfg = Debug|Win32
		{2976EAC4-878D-4104-9747-69A209EAC9C9}.Debug|x64.ActiveCfg = Debug|x64
		{2976EAC4-878D-4104-9747-69A209EAC9C9}.Debug|x64.Build.0 = Debug|x64
		{2976EAC4-878D-4104-9747-69A209EAC9C9}.Debug|x86.ActiveCfg = Debug|Win32
		{2976EAC4-878D-4104-9747-69A209EAC9C9}.Debug|x86.Build.0 = Debug|Win32
		{2976EAC4-878D-4104-9747-69A209EAC9C9}.Release|Any CPU.ActiveCfg = Release|Win32
		{2976EAC4-878D-4104-9747-69A209EAC9C9}.Release|x64.ActiveCfg = Release|x64
		{2976EAC4-878D-4104-9747-69A209EAC9C9}.Release|x64.Build.0 = Release|x64
		{2976EAC4-878D-4104-9747-69A209EAC9C9}.Release|x86.ActiveCfg = Release|Win32
		{2976EAC4-878D-4104-9747-69A209EAC9C9}.Release|x86.Build.0 = Release|Win32
		{9FE9B179-C2A7-458B-8AA6-45839B7A5B19}.Debug EXE|Any CPU.ActiveCfg = Debug|Any CPU
		{9FE9B179-C2A7-458B-8AA6-45839B7A5B19}.Debug EXE|Any CPU.Build.0 = Debug|Any CPU
		{9FE9B179-C2A7-458B-8AA6-45839B7A5B19}.Debug EXE|x64.ActiveCfg = Debug|Any CPU
		{9FE9B179-C2A7-458B-8AA6-45839B7A5B19}.Debug EXE|x64.Build.0 = Debug|Any CPU
		{9FE9B179-C2A7-458B-8AA6-45839B7A5B19}.Debug EXE|x86.ActiveCfg = Debug|Any CPU
		{9FE9B179-C2A7-458B-8AA6-45839B7A5B19}.Debug EXE|x86.Build.0 = Debug|Any CPU
		{9FE9B179-C2A7-458B-8AA6-45839B7A5B19}.Debug|Any CPU.ActiveCfg = Debug|Any CPU
		{9FE9B179-C2A7-458B-8AA6-45839B7A5B19}.Debug|Any CPU.Build.0 = Debug|Any CPU
		{9FE9B179-C2A7-458B-8AA6-45839B7A5B19}.Debug|x64.ActiveCfg = Debug|Any CPU
		{9FE9B179-C2A7-458B-8AA6-45839B7A5B19}.Debug|x64.Build.0 = Debug|Any CPU
		{9FE9B179-C2A7-458B-8AA6-45839B7A5B19}.Debug|x86.ActiveCfg = Debug|Any CPU
		{9FE9B179-C2A7-458B-8AA6-45839B7A5B19}.Debug|x86.Build.0 = Debug|Any CPU
		{9FE9B179-C2A7-458B-8AA6-45839B7A5B19}.Release|Any CPU.ActiveCfg = Release|Any CPU
		{9FE9B179-C2A7-458B-8AA6-45839B7A5B19}.Release|Any CPU.Build.0 = Release|Any CPU
		{9FE9B179-C2A7-458B-8AA6-45839B7A5B19}.Release|x64.ActiveCfg = Release|Any CPU
		{9FE9B179-C2A7-458B-8AA6-45839B7A5B19}.Release|x64.Build.0 = Release|Any CPU
		{9FE9B179-C2A7-458B-8AA6-45839B7A5B19}.Release|x86.ActiveCfg = Release|Any CPU
		{9FE9B179-C2A7-458B-8AA6-45839B7A5B19}.Release|x86.Build.0 = Release|Any CPU
	EndGlobalSection
	GlobalSection(SolutionProperties) = preSolution
		HideSolutionNode = FALSE
	EndGlobalSection
	GlobalSection(ExtensibilityGlobals) = postSolution
		SolutionGuid = {4E652D50-2AE8-46A7-891F-4A07674981FC}
	EndGlobalSection
EndGlobal
