
Microsoft Visual Studio Solution File, Format Version 12.00
# Visual Studio 15
VisualStudioVersion = 15.0.28010.2026
MinimumVisualStudioVersion = 10.0.40219.1
Project("{8BC9CEB8-8B4A-11D0-8D11-00A0C91BC942}") = "tableocr", "tableocr\tableocr.vcxproj", "{2976EAC4-878D-4104-9747-69A209EAC9C9}"
EndProject
Global
	GlobalSection(SolutionConfigurationPlatforms) = preSolution
		Debug EXE|x64 = Debug EXE|x64
		Debug|x64 = Debug|x64
		Release|x64 = Release|x64
	EndGlobalSection
	GlobalSection(ProjectConfigurationPlatforms) = postSolution
		{2976EAC4-878D-4104-9747-69A209EAC9C9}.Debug EXE|x64.ActiveCfg = Debug EXE|x64
		{2976EAC4-878D-4104-9747-69A209EAC9C9}.Debug EXE|x64.Build.0 = Debug EXE|x64
		{2976EAC4-878D-4104-9747-69A209EAC9C9}.Debug|x64.ActiveCfg = Debug|x64
		{2976EAC4-878D-4104-9747-69A209EAC9C9}.Debug|x64.Build.0 = Debug|x64
		{2976EAC4-878D-4104-9747-69A209EAC9C9}.Release|x64.ActiveCfg = Release|x64
		{2976EAC4-878D-4104-9747-69A209EAC9C9}.Release|x64.Build.0 = Release|x64
	EndGlobalSection
	GlobalSection(SolutionProperties) = preSolution
		HideSolutionNode = FALSE
	EndGlobalSection
	GlobalSection(ExtensibilityGlobals) = postSolution
		SolutionGuid = {58A556C5-DEA6-4288-AE59-ECDC69807DAD}
	EndGlobalSection
EndGlobal
